
Microsoft Visual Studio Solution File, Format Version 11.00
# Visual Studio 2010
Project("{F184B08F-C81C-45F6-A57F-5ABD9991F28F}") = "Beyond", "Beyond\Beyond.vbproj", "{0D953E0E-5BD0-480C-ABCA-D536053A1467}"
EndProject
Project("{F184B08F-C81C-45F6-A57F-5ABD9991F28F}") = "Uteis", "Uteis\Uteis.vbproj", "{FB3C645B-FB5E-4FAA-96C5-457BAF93E2A7}"
EndProject
Project("{F184B08F-C81C-45F6-A57F-5ABD9991F28F}") = "Entidades", "Entidades\Entidades.vbproj", "{6370F997-61DD-45A7-8C69-5DFFF958A999}"
EndProject
Project("{F184B08F-C81C-45F6-A57F-5ABD9991F28F}") = "DAO", "DAO\DAO.vbproj", "{B55DD301-F27A-4271-A6E9-618533D0F334}"
EndProject
Project("{2150E333-8FDC-42A3-9474-1A3956D46DE8}") = "NewFolder1", "NewFolder1", "{C0A52A22-9E83-41F4-9412-761E14845654}"
EndProject
Global
	GlobalSection(SolutionConfigurationPlatforms) = preSolution
		Debug|Any CPU = Debug|Any CPU
		Debug|Mixed Platforms = Debug|Mixed Platforms
		Debug|x86 = Debug|x86
		Release|Any CPU = Release|Any CPU
		Release|Mixed Platforms = Release|Mixed Platforms
		Release|x86 = Release|x86
	EndGlobalSection
	GlobalSection(ProjectConfigurationPlatforms) = postSolution
		{0D953E0E-5BD0-480C-ABCA-D536053A1467}.Debug|Any CPU.ActiveCfg = Debug|x86
		{0D953E0E-5BD0-480C-ABCA-D536053A1467}.Debug|Mixed Platforms.ActiveCfg = Debug|x86
		{0D953E0E-5BD0-480C-ABCA-D536053A1467}.Debug|Mixed Platforms.Build.0 = Debug|x86
		{0D953E0E-5BD0-480C-ABCA-D536053A1467}.Debug|x86.ActiveCfg = Debug|x86
		{0D953E0E-5BD0-480C-ABCA-D536053A1467}.Debug|x86.Build.0 = Debug|x86
		{0D953E0E-5BD0-480C-ABCA-D536053A1467}.Release|Any CPU.ActiveCfg = Release|x86
		{0D953E0E-5BD0-480C-ABCA-D536053A1467}.Release|Mixed Platforms.ActiveCfg = Release|x86
		{0D953E0E-5BD0-480C-ABCA-D536053A1467}.Release|Mixed Platforms.Build.0 = Release|x86
		{0D953E0E-5BD0-480C-ABCA-D536053A1467}.Release|x86.ActiveCfg = Release|x86
		{0D953E0E-5BD0-480C-ABCA-D536053A1467}.Release|x86.Build.0 = Release|x86
		{FB3C645B-FB5E-4FAA-96C5-457BAF93E2A7}.Debug|Any CPU.ActiveCfg = Debug|Any CPU
		{FB3C645B-FB5E-4FAA-96C5-457BAF93E2A7}.Debug|Any CPU.Build.0 = Debug|Any CPU
		{FB3C645B-FB5E-4FAA-96C5-457BAF93E2A7}.Debug|Mixed Platforms.ActiveCfg = Debug|Any CPU
		{FB3C645B-FB5E-4FAA-96C5-457BAF93E2A7}.Debug|Mixed Platforms.Build.0 = Debug|Any CPU
		{FB3C645B-FB5E-4FAA-96C5-457BAF93E2A7}.Debug|x86.ActiveCfg = Debug|Any CPU
		{FB3C645B-FB5E-4FAA-96C5-457BAF93E2A7}.Release|Any CPU.ActiveCfg = Release|Any CPU
		{FB3C645B-FB5E-4FAA-96C5-457BAF93E2A7}.Release|Any CPU.Build.0 = Release|Any CPU
		{FB3C645B-FB5E-4FAA-96C5-457BAF93E2A7}.Release|Mixed Platforms.ActiveCfg = Release|Any CPU
		{FB3C645B-FB5E-4FAA-96C5-457BAF93E2A7}.Release|Mixed Platforms.Build.0 = Release|Any CPU
		{FB3C645B-FB5E-4FAA-96C5-457BAF93E2A7}.Release|x86.ActiveCfg = Release|Any CPU
		{6370F997-61DD-45A7-8C69-5DFFF958A999}.Debug|Any CPU.ActiveCfg = Debug|Any CPU
		{6370F997-61DD-45A7-8C69-5DFFF958A999}.Debug|Any CPU.Build.0 = Debug|Any CPU
		{6370F997-61DD-45A7-8C69-5DFFF958A999}.Debug|Mixed Platforms.ActiveCfg = Debug|Any CPU
		{6370F997-61DD-45A7-8C69-5DFFF958A999}.Debug|Mixed Platforms.Build.0 = Debug|Any CPU
		{6370F997-61DD-45A7-8C69-5DFFF958A999}.Debug|x86.ActiveCfg = Debug|Any CPU
		{6370F997-61DD-45A7-8C69-5DFFF958A999}.Release|Any CPU.ActiveCfg = Release|Any CPU
		{6370F997-61DD-45A7-8C69-5DFFF958A999}.Release|Any CPU.Build.0 = Release|Any CPU
		{6370F997-61DD-45A7-8C69-5DFFF958A999}.Release|Mixed Platforms.ActiveCfg = Release|Any CPU
		{6370F997-61DD-45A7-8C69-5DFFF958A999}.Release|Mixed Platforms.Build.0 = Release|Any CPU
		{6370F997-61DD-45A7-8C69-5DFFF958A999}.Release|x86.ActiveCfg = Release|Any CPU
		{B55DD301-F27A-4271-A6E9-618533D0F334}.Debug|Any CPU.ActiveCfg = Debug|Any CPU
		{B55DD301-F27A-4271-A6E9-618533D0F334}.Debug|Any CPU.Build.0 = Debug|Any CPU
		{B55DD301-F27A-4271-A6E9-618533D0F334}.Debug|Mixed Platforms.ActiveCfg = Debug|Any CPU
		{B55DD301-F27A-4271-A6E9-618533D0F334}.Debug|Mixed Platforms.Build.0 = Debug|Any CPU
		{B55DD301-F27A-4271-A6E9-618533D0F334}.Debug|x86.ActiveCfg = Debug|Any CPU
		{B55DD301-F27A-4271-A6E9-618533D0F334}.Release|Any CPU.ActiveCfg = Release|Any CPU
		{B55DD301-F27A-4271-A6E9-618533D0F334}.Release|Any CPU.Build.0 = Release|Any CPU
		{B55DD301-F27A-4271-A6E9-618533D0F334}.Release|Mixed Platforms.ActiveCfg = Release|Any CPU
		{B55DD301-F27A-4271-A6E9-618533D0F334}.Release|Mixed Platforms.Build.0 = Release|Any CPU
		{B55DD301-F27A-4271-A6E9-618533D0F334}.Release|x86.ActiveCfg = Release|Any CPU
	EndGlobalSection
	GlobalSection(SolutionProperties) = preSolution
		HideSolutionNode = FALSE
	EndGlobalSection
EndGlobal
